# This file is automatically @generated by Cargo.
# It is not intended for manual editing.
[[package]]
name = "cfg-if"
version = "1.0.0"
source = "registry+https://github.com/rust-lang/crates.io-index"
checksum = "baf1de4339761588bc0619e3cbc0120ee582ebb74b53b4efbf79117bd2da40fd"

[[package]]
name = "dot"
version = "0.1.4"
source = "registry+https://github.com/rust-lang/crates.io-index"
checksum = "a74b6c4d4a1cff5f454164363c16b72fa12463ca6b31f4b5f2035a65fa3d5906"

[[package]]
name = "log"
version = "0.4.14"
source = "registry+https://github.com/rust-lang/crates.io-index"
checksum = "51b9bbe6c47d51fc3e1a9b945965946b4c44142ab8792c50835a980d362c2710"
dependencies = [
 "cfg-if",
]

[[package]]
name = "sqlparser"
version = "0.8.0"
source = "registry+https://github.com/rust-lang/crates.io-index"
checksum = "8b929a9577d01ee7cddb820696ed536868d81557d3c14363a7514d71add1d058"
dependencies = [
 "log",
]

[[package]]
name = "sqlviewer"
version = "0.1.0"
dependencies = [
 "dot",
 "sqlparser",
]
